
Microsoft Visual Studio Solution File, Format Version 12.00
# Visual Studio Version 17
VisualStudioVersion = 17.5.33424.131
MinimumVisualStudioVersion = 10.0.40219.1
Project("{9092AA53-FB77-4645-B42D-1CCCA6BD08BD}") = "FrameBuffers", "FrameBuffers.njsproj", "{4AA5D7E8-8929-4F7D-B3CD-990EB8C865AE}"
EndProject
Global
	GlobalSection(SolutionConfigurationPlatforms) = preSolution
		Debug|Any CPU = Debug|Any CPU
		Release|Any CPU = Release|Any CPU
	EndGlobalSection
	GlobalSection(ProjectConfigurationPlatforms) = postSolution
		{4AA5D7E8-8929-4F7D-B3CD-990EB8C865AE}.Debug|Any CPU.ActiveCfg = Debug|Any CPU
		{4AA5D7E8-8929-4F7D-B3CD-990EB8C865AE}.Debug|Any CPU.Build.0 = Debug|Any CPU
		{4AA5D7E8-8929-4F7D-B3CD-990EB8C865AE}.Release|Any CPU.ActiveCfg = Release|Any CPU
		{4AA5D7E8-8929-4F7D-B3CD-990EB8C865AE}.Release|Any CPU.Build.0 = Release|Any CPU
	EndGlobalSection
	GlobalSection(SolutionProperties) = preSolution
		HideSolutionNode = FALSE
	EndGlobalSection
	GlobalSection(ExtensibilityGlobals) = postSolution
		SolutionGuid = {8605B1C4-F83E-4E15-960C-00CE59140BBF}
	EndGlobalSection
EndGlobal
